
Microsoft Visual Studio Solution File, Format Version 12.00
# Visual Studio Version 16
VisualStudioVersion = 16.0.31112.23
MinimumVisualStudioVersion = 10.0.40219.1
Project("{FAE04EC0-301F-11D3-BF4B-00C04F79EFBC}") = "ForesterCms.App", "ForesterCms.App\ForesterCms.App.csproj", "{FB538B66-ECD0-420B-AE86-91758BA6762E}"
EndProject
Global
	GlobalSection(SolutionConfigurationPlatforms) = preSolution
		Debug|Any CPU = Debug|Any CPU
		Release|Any CPU = Release|Any CPU
	EndGlobalSection
	GlobalSection(ProjectConfigurationPlatforms) = postSolution
		{FB538B66-ECD0-420B-AE86-91758BA6762E}.Debug|Any CPU.ActiveCfg = Debug|Any CPU
		{FB538B66-ECD0-420B-AE86-91758BA6762E}.Debug|Any CPU.Build.0 = Debug|Any CPU
		{FB538B66-ECD0-420B-AE86-91758BA6762E}.Release|Any CPU.ActiveCfg = Release|Any CPU
		{FB538B66-ECD0-420B-AE86-91758BA6762E}.Release|Any CPU.Build.0 = Release|Any CPU
	EndGlobalSection
	GlobalSection(SolutionProperties) = preSolution
		HideSolutionNode = FALSE
	EndGlobalSection
	GlobalSection(ExtensibilityGlobals) = postSolution
		SolutionGuid = {B526409D-49AE-4F44-B186-ED85A87B0833}
	EndGlobalSection
EndGlobal
